
Microsoft Visual Studio Solution File, Format Version 12.00
# Visual Studio 15
VisualStudioVersion = 15.0.26124.0
MinimumVisualStudioVersion = 15.0.26124.0
Project("{FAE04EC0-301F-11D3-BF4B-00C04F79EFBC}") = "Pactify", "src\Pactify\Pactify.csproj", "{6025D32D-EF6C-465B-BCD9-33D5C4F0F538}"
EndProject
Project("{FAE04EC0-301F-11D3-BF4B-00C04F79EFBC}") = "Pactify.UnitTests", "tests\Pactify.UnitTests\Pactify.UnitTests.csproj", "{E9ACB3AD-F498-4123-A8AC-298E0385EC80}"
EndProject
Project("{FAE04EC0-301F-11D3-BF4B-00C04F79EFBC}") = "Pactify.AspNetCore", "src\Pactify.AspNetCore\Pactify.AspNetCore.csproj", "{B93C122F-16AD-4B14-AB84-7EB75E0CD643}"
EndProject
Global
	GlobalSection(SolutionConfigurationPlatforms) = preSolution
		Debug|Any CPU = Debug|Any CPU
		Debug|x64 = Debug|x64
		Debug|x86 = Debug|x86
		Release|Any CPU = Release|Any CPU
		Release|x64 = Release|x64
		Release|x86 = Release|x86
	EndGlobalSection
	GlobalSection(SolutionProperties) = preSolution
		HideSolutionNode = FALSE
	EndGlobalSection
	GlobalSection(ProjectConfigurationPlatforms) = postSolution
		{6025D32D-EF6C-465B-BCD9-33D5C4F0F538}.Debug|Any CPU.ActiveCfg = Debug|Any CPU
		{6025D32D-EF6C-465B-BCD9-33D5C4F0F538}.Debug|Any CPU.Build.0 = Debug|Any CPU
		{6025D32D-EF6C-465B-BCD9-33D5C4F0F538}.Debug|x64.ActiveCfg = Debug|Any CPU
		{6025D32D-EF6C-465B-BCD9-33D5C4F0F538}.Debug|x64.Build.0 = Debug|Any CPU
		{6025D32D-EF6C-465B-BCD9-33D5C4F0F538}.Debug|x86.ActiveCfg = Debug|Any CPU
		{6025D32D-EF6C-465B-BCD9-33D5C4F0F538}.Debug|x86.Build.0 = Debug|Any CPU
		{6025D32D-EF6C-465B-BCD9-33D5C4F0F538}.Release|Any CPU.ActiveCfg = Release|Any CPU
		{6025D32D-EF6C-465B-BCD9-33D5C4F0F538}.Release|Any CPU.Build.0 = Release|Any CPU
		{6025D32D-EF6C-465B-BCD9-33D5C4F0F538}.Release|x64.ActiveCfg = Release|Any CPU
		{6025D32D-EF6C-465B-BCD9-33D5C4F0F538}.Release|x64.Build.0 = Release|Any CPU
		{6025D32D-EF6C-465B-BCD9-33D5C4F0F538}.Release|x86.ActiveCfg = Release|Any CPU
		{6025D32D-EF6C-465B-BCD9-33D5C4F0F538}.Release|x86.Build.0 = Release|Any CPU
		{E9ACB3AD-F498-4123-A8AC-298E0385EC80}.Debug|Any CPU.ActiveCfg = Debug|Any CPU
		{E9ACB3AD-F498-4123-A8AC-298E0385EC80}.Debug|Any CPU.Build.0 = Debug|Any CPU
		{E9ACB3AD-F498-4123-A8AC-298E0385EC80}.Debug|x64.ActiveCfg = Debug|Any CPU
		{E9ACB3AD-F498-4123-A8AC-298E0385EC80}.Debug|x64.Build.0 = Debug|Any CPU
		{E9ACB3AD-F498-4123-A8AC-298E0385EC80}.Debug|x86.ActiveCfg = Debug|Any CPU
		{E9ACB3AD-F498-4123-A8AC-298E0385EC80}.Debug|x86.Build.0 = Debug|Any CPU
		{E9ACB3AD-F498-4123-A8AC-298E0385EC80}.Release|Any CPU.ActiveCfg = Release|Any CPU
		{E9ACB3AD-F498-4123-A8AC-298E0385EC80}.Release|Any CPU.Build.0 = Release|Any CPU
		{E9ACB3AD-F498-4123-A8AC-298E0385EC80}.Release|x64.ActiveCfg = Release|Any CPU
		{E9ACB3AD-F498-4123-A8AC-298E0385EC80}.Release|x64.Build.0 = Release|Any CPU
		{E9ACB3AD-F498-4123-A8AC-298E0385EC80}.Release|x86.ActiveCfg = Release|Any CPU
		{E9ACB3AD-F498-4123-A8AC-298E0385EC80}.Release|x86.Build.0 = Release|Any CPU
		{B93C122F-16AD-4B14-AB84-7EB75E0CD643}.Debug|Any CPU.ActiveCfg = Debug|Any CPU
		{B93C122F-16AD-4B14-AB84-7EB75E0CD643}.Debug|Any CPU.Build.0 = Debug|Any CPU
		{B93C122F-16AD-4B14-AB84-7EB75E0CD643}.Debug|x64.ActiveCfg = Debug|Any CPU
		{B93C122F-16AD-4B14-AB84-7EB75E0CD643}.Debug|x64.Build.0 = Debug|Any CPU
		{B93C122F-16AD-4B14-AB84-7EB75E0CD643}.Debug|x86.ActiveCfg = Debug|Any CPU
		{B93C122F-16AD-4B14-AB84-7EB75E0CD643}.Debug|x86.Build.0 = Debug|Any CPU
		{B93C122F-16AD-4B14-AB84-7EB75E0CD643}.Release|Any CPU.ActiveCfg = Release|Any CPU
		{B93C122F-16AD-4B14-AB84-7EB75E0CD643}.Release|Any CPU.Build.0 = Release|Any CPU
		{B93C122F-16AD-4B14-AB84-7EB75E0CD643}.Release|x64.ActiveCfg = Release|Any CPU
		{B93C122F-16AD-4B14-AB84-7EB75E0CD643}.Release|x64.Build.0 = Release|Any CPU
		{B93C122F-16AD-4B14-AB84-7EB75E0CD643}.Release|x86.ActiveCfg = Release|Any CPU
		{B93C122F-16AD-4B14-AB84-7EB75E0CD643}.Release|x86.Build.0 = Release|Any CPU
	EndGlobalSection
EndGlobal
